
Microsoft Visual Studio Solution File, Format Version 12.00
# Visual Studio Version 17
VisualStudioVersion = 17.0.31903.59
MinimumVisualStudioVersion = 10.0.40219.1
Project("{2150E333-8FDC-42A3-9474-1A3956D46DE8}") = "Api", "Api", "{7BE2E27B-A6C3-411C-B191-33089DB0194B}"
EndProject
Project("{FAE04EC0-301F-11D3-BF4B-00C04F79EFBC}") = "UrlShortener.Api", "Api\src\UrlShortener.Api\UrlShortener.Api.csproj", "{D36ABD95-4BEB-4CD3-9749-4DECE406F0AE}"
EndProject
Project("{2150E333-8FDC-42A3-9474-1A3956D46DE8}") = "src", "src", "{F477B226-27B7-4EC7-9A35-7F85B46D072D}"
EndProject
Project("{2150E333-8FDC-42A3-9474-1A3956D46DE8}") = "tests", "tests", "{C007760F-2ED4-408F-BEA5-E000C373CA3B}"
EndProject
Project("{FAE04EC0-301F-11D3-BF4B-00C04F79EFBC}") = "UrlShortener.Api.Core.Tests", "Api\tests\UrlShortener.Api.Core.Tests\UrlShortener.Api.Core.Tests.csproj", "{15F51086-C604-474A-AC67-9EBB04F2C0BF}"
EndProject
Project("{FAE04EC0-301F-11D3-BF4B-00C04F79EFBC}") = "UrlShortener.Core", "Api\src\UrlShortener.Core\UrlShortener.Core.csproj", "{032C034E-72B6-44BA-91CC-34F253A9BC8F}"
EndProject
Global
	GlobalSection(SolutionConfigurationPlatforms) = preSolution
		Debug|Any CPU = Debug|Any CPU
		Release|Any CPU = Release|Any CPU
	EndGlobalSection
	GlobalSection(SolutionProperties) = preSolution
		HideSolutionNode = FALSE
	EndGlobalSection
	GlobalSection(ProjectConfigurationPlatforms) = postSolution
		{D36ABD95-4BEB-4CD3-9749-4DECE406F0AE}.Debug|Any CPU.ActiveCfg = Debug|Any CPU
		{D36ABD95-4BEB-4CD3-9749-4DECE406F0AE}.Debug|Any CPU.Build.0 = Debug|Any CPU
		{D36ABD95-4BEB-4CD3-9749-4DECE406F0AE}.Release|Any CPU.ActiveCfg = Release|Any CPU
		{D36ABD95-4BEB-4CD3-9749-4DECE406F0AE}.Release|Any CPU.Build.0 = Release|Any CPU
		{15F51086-C604-474A-AC67-9EBB04F2C0BF}.Debug|Any CPU.ActiveCfg = Debug|Any CPU
		{15F51086-C604-474A-AC67-9EBB04F2C0BF}.Debug|Any CPU.Build.0 = Debug|Any CPU
		{15F51086-C604-474A-AC67-9EBB04F2C0BF}.Release|Any CPU.ActiveCfg = Release|Any CPU
		{15F51086-C604-474A-AC67-9EBB04F2C0BF}.Release|Any CPU.Build.0 = Release|Any CPU
		{032C034E-72B6-44BA-91CC-34F253A9BC8F}.Debug|Any CPU.ActiveCfg = Debug|Any CPU
		{032C034E-72B6-44BA-91CC-34F253A9BC8F}.Debug|Any CPU.Build.0 = Debug|Any CPU
		{032C034E-72B6-44BA-91CC-34F253A9BC8F}.Release|Any CPU.ActiveCfg = Release|Any CPU
		{032C034E-72B6-44BA-91CC-34F253A9BC8F}.Release|Any CPU.Build.0 = Release|Any CPU
	EndGlobalSection
	GlobalSection(NestedProjects) = preSolution
		{F477B226-27B7-4EC7-9A35-7F85B46D072D} = {7BE2E27B-A6C3-411C-B191-33089DB0194B}
		{D36ABD95-4BEB-4CD3-9749-4DECE406F0AE} = {F477B226-27B7-4EC7-9A35-7F85B46D072D}
		{C007760F-2ED4-408F-BEA5-E000C373CA3B} = {7BE2E27B-A6C3-411C-B191-33089DB0194B}
		{15F51086-C604-474A-AC67-9EBB04F2C0BF} = {C007760F-2ED4-408F-BEA5-E000C373CA3B}
		{032C034E-72B6-44BA-91CC-34F253A9BC8F} = {F477B226-27B7-4EC7-9A35-7F85B46D072D}
	EndGlobalSection
EndGlobal
